// !$*UTF8*$!
{
	archiveVersion = 1;
	classes = {
	};
	objectVersion = 56;
	objects = {

/* Begin PBXBuildFile section */
		7752E6F9293A43CA008C3A40 /* Latin_Learner_Portfolio_AppApp.swift in Sources */ = {isa = PBXBuildFile; fileRef = 7752E6F8293A43CA008C3A40 /* Latin_Learner_Portfolio_AppApp.swift */; };
		7752E6FB293A43CA008C3A40 /* ContentView.swift in Sources */ = {isa = PBXBuildFile; fileRef = 7752E6FA293A43CA008C3A40 /* ContentView.swift */; };
		7752E6FD293A43CB008C3A40 /* Assets.xcassets in Resources */ = {isa = PBXBuildFile; fileRef = 7752E6FC293A43CB008C3A40 /* Assets.xcassets */; };
		7752E700293A43CB008C3A40 /* Preview Assets.xcassets in Resources */ = {isa = PBXBuildFile; fileRef = 7752E6FF293A43CB008C3A40 /* Preview Assets.xcassets */; };
		7752E70A293A43CB008C3A40 /* Latin_Learner_Portfolio_AppTests.swift in Sources */ = {isa = PBXBuildFile; fileRef = 7752E709293A43CB008C3A40 /* Latin_Learner_Portfolio_AppTests.swift */; };
		7752E714293A43CB008C3A40 /* Latin_Learner_Portfolio_AppUITests.swift in Sources */ = {isa = PBXBuildFile; fileRef = 7752E713293A43CB008C3A40 /* Latin_Learner_Portfolio_AppUITests.swift */; };
		7752E716293A43CB008C3A40 /* Latin_Learner_Portfolio_AppUITestsLaunchTests.swift in Sources */ = {isa = PBXBuildFile; fileRef = 7752E715293A43CB008C3A40 /* Latin_Learner_Portfolio_AppUITestsLaunchTests.swift */; };
		7752E724293A43F2008C3A40 /* GoogleSignIn in Frameworks */ = {isa = PBXBuildFile; productRef = 7752E723293A43F2008C3A40 /* GoogleSignIn */; };
		7752E726293A43F2008C3A40 /* GoogleSignInSwift in Frameworks */ = {isa = PBXBuildFile; productRef = 7752E725293A43F2008C3A40 /* GoogleSignInSwift */; };
		7752E729293A4CFA008C3A40 /* AuthHandler.swift in Sources */ = {isa = PBXBuildFile; fileRef = 7752E728293A4CFA008C3A40 /* AuthHandler.swift */; };
		7752E72B293A5051008C3A40 /* Styling.swift in Sources */ = {isa = PBXBuildFile; fileRef = 7752E72A293A5051008C3A40 /* Styling.swift */; };
		778563E8293FD4C400C0699D /* Search.swift in Sources */ = {isa = PBXBuildFile; fileRef = 778563E7293FD4C400C0699D /* Search.swift */; };
		778563EA293FD4F000C0699D /* Post.swift in Sources */ = {isa = PBXBuildFile; fileRef = 778563E9293FD4F000C0699D /* Post.swift */; };
		77F101362940207B00145F1A /* FileStorage.swift in Sources */ = {isa = PBXBuildFile; fileRef = 77F101352940207B00145F1A /* FileStorage.swift */; };
		77F101382940208B00145F1A /* ImagePicker.swift in Sources */ = {isa = PBXBuildFile; fileRef = 77F101372940208B00145F1A /* ImagePicker.swift */; };
		77F1013D2940221D00145F1A /* GoogleService-Info.plist in Resources */ = {isa = PBXBuildFile; fileRef = 77F1013C2940221D00145F1A /* GoogleService-Info.plist */; };
		B0B5B9E529426E2D002D0A67 /* FirebaseAuth in Frameworks */ = {isa = PBXBuildFile; productRef = B0B5B9E429426E2D002D0A67 /* FirebaseAuth */; };
		B0B5B9E729426E2D002D0A67 /* FirebaseFirestore in Frameworks */ = {isa = PBXBuildFile; productRef = B0B5B9E629426E2D002D0A67 /* FirebaseFirestore */; };
		B0B5B9E929426E2D002D0A67 /* FirebaseStorage in Frameworks */ = {isa = PBXBuildFile; productRef = B0B5B9E829426E2D002D0A67 /* FirebaseStorage */; };
		B0B5B9EB2942C7D8002D0A67 /* Resources.swift in Sources */ = {isa = PBXBuildFile; fileRef = B0B5B9EA2942C7D8002D0A67 /* Resources.swift */; };
/* End PBXBuildFile section */

/* Begin PBXContainerItemProxy section */
		7752E706293A43CB008C3A40 /* PBXContainerItemProxy */ = {
			isa = PBXContainerItemProxy;
			containerPortal = 7752E6ED293A43CA008C3A40 /* Project object */;
			proxyType = 1;
			remoteGlobalIDString = 7752E6F4293A43CA008C3A40;
			remoteInfo = "Latin Learner Portfolio App";
		};
		7752E710293A43CB008C3A40 /* PBXContainerItemProxy */ = {
			isa = PBXContainerItemProxy;
			containerPortal = 7752E6ED293A43CA008C3A40 /* Project object */;
			proxyType = 1;
			remoteGlobalIDString = 7752E6F4293A43CA008C3A40;
			remoteInfo = "Latin Learner Portfolio App";
		};
/* End PBXContainerItemProxy section */

/* Begin PBXFileReference section */
		7752E6F5293A43CA008C3A40 /* Latin Learner Portfolio App.app */ = {isa = PBXFileReference; explicitFileType = wrapper.application; includeInIndex = 0; path = "Latin Learner Portfolio App.app"; sourceTree = BUILT_PRODUCTS_DIR; };
		7752E6F8293A43CA008C3A40 /* Latin_Learner_Portfolio_AppApp.swift */ = {isa = PBXFileReference; lastKnownFileType = sourcecode.swift; path = Latin_Learner_Portfolio_AppApp.swift; sourceTree = "<group>"; };
		7752E6FA293A43CA008C3A40 /* ContentView.swift */ = {isa = PBXFileReference; lastKnownFileType = sourcecode.swift; path = ContentView.swift; sourceTree = "<group>"; };
		7752E6FC293A43CB008C3A40 /* Assets.xcassets */ = {isa = PBXFileReference; lastKnownFileType = folder.assetcatalog; path = Assets.xcassets; sourceTree = "<group>"; };
		7752E6FF293A43CB008C3A40 /* Preview Assets.xcassets */ = {isa = PBXFileReference; lastKnownFileType = folder.assetcatalog; path = "Preview Assets.xcassets"; sourceTree = "<group>"; };
		7752E705293A43CB008C3A40 /* Latin Learner Portfolio AppTests.xctest */ = {isa = PBXFileReference; explicitFileType = wrapper.cfbundle; includeInIndex = 0; path = "Latin Learner Portfolio AppTests.xctest"; sourceTree = BUILT_PRODUCTS_DIR; };
		7752E709293A43CB008C3A40 /* Latin_Learner_Portfolio_AppTests.swift */ = {isa = PBXFileReference; lastKnownFileType = sourcecode.swift; path = Latin_Learner_Portfolio_AppTests.swift; sourceTree = "<group>"; };
		7752E70F293A43CB008C3A40 /* Latin Learner Portfolio AppUITests.xctest */ = {isa = PBXFileReference; explicitFileType = wrapper.cfbundle; includeInIndex = 0; path = "Latin Learner Portfolio AppUITests.xctest"; sourceTree = BUILT_PRODUCTS_DIR; };
		7752E713293A43CB008C3A40 /* Latin_Learner_Portfolio_AppUITests.swift */ = {isa = PBXFileReference; lastKnownFileType = sourcecode.swift; path = Latin_Learner_Portfolio_AppUITests.swift; sourceTree = "<group>"; };
		7752E715293A43CB008C3A40 /* Latin_Learner_Portfolio_AppUITestsLaunchTests.swift */ = {isa = PBXFileReference; lastKnownFileType = sourcecode.swift; path = Latin_Learner_Portfolio_AppUITestsLaunchTests.swift; sourceTree = "<group>"; };
		7752E727293A47B2008C3A40 /* Latin-Learner-Portfolio-App-Info.plist */ = {isa = PBXFileReference; lastKnownFileType = text.plist; path = "Latin-Learner-Portfolio-App-Info.plist"; sourceTree = SOURCE_ROOT; };
		7752E728293A4CFA008C3A40 /* AuthHandler.swift */ = {isa = PBXFileReference; lastKnownFileType = sourcecode.swift; path = AuthHandler.swift; sourceTree = "<group>"; };
		7752E72A293A5051008C3A40 /* Styling.swift */ = {isa = PBXFileReference; lastKnownFileType = sourcecode.swift; path = Styling.swift; sourceTree = "<group>"; };
		778563E7293FD4C400C0699D /* Search.swift */ = {isa = PBXFileReference; lastKnownFileType = sourcecode.swift; path = Search.swift; sourceTree = "<group>"; };
		778563E9293FD4F000C0699D /* Post.swift */ = {isa = PBXFileReference; lastKnownFileType = sourcecode.swift; path = Post.swift; sourceTree = "<group>"; };
		77F101352940207B00145F1A /* FileStorage.swift */ = {isa = PBXFileReference; fileEncoding = 4; lastKnownFileType = sourcecode.swift; path = FileStorage.swift; sourceTree = "<group>"; };
		77F101372940208B00145F1A /* ImagePicker.swift */ = {isa = PBXFileReference; fileEncoding = 4; lastKnownFileType = sourcecode.swift; path = ImagePicker.swift; sourceTree = "<group>"; };
		77F1013C2940221D00145F1A /* GoogleService-Info.plist */ = {isa = PBXFileReference; fileEncoding = 4; lastKnownFileType = text.plist.xml; path = "GoogleService-Info.plist"; sourceTree = "<group>"; };
		B0B5B9EA2942C7D8002D0A67 /* Resources.swift */ = {isa = PBXFileReference; fileEncoding = 4; lastKnownFileType = sourcecode.swift; path = Resources.swift; sourceTree = "<group>"; };
/* End PBXFileReference section */

/* Begin PBXFrameworksBuildPhase section */
		7752E6F2293A43CA008C3A40 /* Frameworks */ = {
			isa = PBXFrameworksBuildPhase;
			buildActionMask = 2147483647;
			files = (
				7752E724293A43F2008C3A40 /* GoogleSignIn in Frameworks */,
				B0B5B9E729426E2D002D0A67 /* FirebaseFirestore in Frameworks */,
				B0B5B9E529426E2D002D0A67 /* FirebaseAuth in Frameworks */,
				B0B5B9E929426E2D002D0A67 /* FirebaseStorage in Frameworks */,
				7752E726293A43F2008C3A40 /* GoogleSignInSwift in Frameworks */,
			);
			runOnlyForDeploymentPostprocessing = 0;
		};
		7752E702293A43CB008C3A40 /* Frameworks */ = {
			isa = PBXFrameworksBuildPhase;
			buildActionMask = 2147483647;
			files = (
			);
			runOnlyForDeploymentPostprocessing = 0;
		};
		7752E70C293A43CB008C3A40 /* Frameworks */ = {
			isa = PBXFrameworksBuildPhase;
			buildActionMask = 2147483647;
			files = (
			);
			runOnlyForDeploymentPostprocessing = 0;
		};
/* End PBXFrameworksBuildPhase section */

/* Begin PBXGroup section */
		7752E6EC293A43CA008C3A40 = {
			isa = PBXGroup;
			children = (
				7752E6F7293A43CA008C3A40 /* Latin Learner Portfolio App */,
				7752E708293A43CB008C3A40 /* Latin Learner Portfolio AppTests */,
				7752E712293A43CB008C3A40 /* Latin Learner Portfolio AppUITests */,
				7752E6F6293A43CA008C3A40 /* Products */,
			);
			sourceTree = "<group>";
		};
		7752E6F6293A43CA008C3A40 /* Products */ = {
			isa = PBXGroup;
			children = (
				7752E6F5293A43CA008C3A40 /* Latin Learner Portfolio App.app */,
				7752E705293A43CB008C3A40 /* Latin Learner Portfolio AppTests.xctest */,
				7752E70F293A43CB008C3A40 /* Latin Learner Portfolio AppUITests.xctest */,
			);
			name = Products;
			sourceTree = "<group>";
		};
		7752E6F7293A43CA008C3A40 /* Latin Learner Portfolio App */ = {
			isa = PBXGroup;
			children = (
				7752E727293A47B2008C3A40 /* Latin-Learner-Portfolio-App-Info.plist */,
				77F1013C2940221D00145F1A /* GoogleService-Info.plist */,
				7752E6F8293A43CA008C3A40 /* Latin_Learner_Portfolio_AppApp.swift */,
				778563E9293FD4F000C0699D /* Post.swift */,
				778563E7293FD4C400C0699D /* Search.swift */,
				7752E6FA293A43CA008C3A40 /* ContentView.swift */,
				77F101352940207B00145F1A /* FileStorage.swift */,
				7752E72A293A5051008C3A40 /* Styling.swift */,
				77F101372940208B00145F1A /* ImagePicker.swift */,
				7752E728293A4CFA008C3A40 /* AuthHandler.swift */,
				B0B5B9EA2942C7D8002D0A67 /* Resources.swift */,
				7752E6FC293A43CB008C3A40 /* Assets.xcassets */,
				7752E6FE293A43CB008C3A40 /* Preview Content */,
			);
			path = "Latin Learner Portfolio App";
			sourceTree = "<group>";
		};
		7752E6FE293A43CB008C3A40 /* Preview Content */ = {
			isa = PBXGroup;
			children = (
				7752E6FF293A43CB008C3A40 /* Preview Assets.xcassets */,
			);
			path = "Preview Content";
			sourceTree = "<group>";
		};
		7752E708293A43CB008C3A40 /* Latin Learner Portfolio AppTests */ = {
			isa = PBXGroup;
			children = (
				7752E709293A43CB008C3A40 /* Latin_Learner_Portfolio_AppTests.swift */,
			);
			path = "Latin Learner Portfolio AppTests";
			sourceTree = "<group>";
		};
		7752E712293A43CB008C3A40 /* Latin Learner Portfolio AppUITests */ = {
			isa = PBXGroup;
			children = (
				7752E713293A43CB008C3A40 /* Latin_Learner_Portfolio_AppUITests.swift */,
				7752E715293A43CB008C3A40 /* Latin_Learner_Portfolio_AppUITestsLaunchTests.swift */,
			);
			path = "Latin Learner Portfolio AppUITests";
			sourceTree = "<group>";
		};
/* End PBXGroup section */

/* Begin PBXNativeTarget section */
		7752E6F4293A43CA008C3A40 /* Latin Learner Portfolio App */ = {
			isa = PBXNativeTarget;
			buildConfigurationList = 7752E719293A43CB008C3A40 /* Build configuration list for PBXNativeTarget "Latin Learner Portfolio App" */;
			buildPhases = (
				7752E6F1293A43CA008C3A40 /* Sources */,
				7752E6F2293A43CA008C3A40 /* Frameworks */,
				7752E6F3293A43CA008C3A40 /* Resources */,
			);
			buildRules = (
			);
			dependencies = (
			);
			name = "Latin Learner Portfolio App";
			packageProductDependencies = (
				7752E723293A43F2008C3A40 /* GoogleSignIn */,
				7752E725293A43F2008C3A40 /* GoogleSignInSwift */,
				B0B5B9E429426E2D002D0A67 /* FirebaseAuth */,
				B0B5B9E629426E2D002D0A67 /* FirebaseFirestore */,
				B0B5B9E829426E2D002D0A67 /* FirebaseStorage */,
			);
			productName = "Latin Learner Portfolio App";
			productReference = 7752E6F5293A43CA008C3A40 /* Latin Learner Portfolio App.app */;
			productType = "com.apple.product-type.application";
		};
		7752E704293A43CB008C3A40 /* Latin Learner Portfolio AppTests */ = {
			isa = PBXNativeTarget;
			buildConfigurationList = 7752E71C293A43CB008C3A40 /* Build configuration list for PBXNativeTarget "Latin Learner Portfolio AppTests" */;
			buildPhases = (
				7752E701293A43CB008C3A40 /* Sources */,
				7752E702293A43CB008C3A40 /* Frameworks */,
				7752E703293A43CB008C3A40 /* Resources */,
			);
			buildRules = (
			);
			dependencies = (
				7752E707293A43CB008C3A40 /* PBXTargetDependency */,
			);
			name = "Latin Learner Portfolio AppTests";
			productName = "Latin Learner Portfolio AppTests";
			productReference = 7752E705293A43CB008C3A40 /* Latin Learner Portfolio AppTests.xctest */;
			productType = "com.apple.product-type.bundle.unit-test";
		};
		7752E70E293A43CB008C3A40 /* Latin Learner Portfolio AppUITests */ = {
			isa = PBXNativeTarget;
			buildConfigurationList = 7752E71F293A43CB008C3A40 /* Build configuration list for PBXNativeTarget "Latin Learner Portfolio AppUITests" */;
			buildPhases = (
				7752E70B293A43CB008C3A40 /* Sources */,
				7752E70C293A43CB008C3A40 /* Frameworks */,
				7752E70D293A43CB008C3A40 /* Resources */,
			);
			buildRules = (
			);
			dependencies = (
				7752E711293A43CB008C3A40 /* PBXTargetDependency */,
			);
			name = "Latin Learner Portfolio AppUITests";
			productName = "Latin Learner Portfolio AppUITests";
			productReference = 7752E70F293A43CB008C3A40 /* Latin Learner Portfolio AppUITests.xctest */;
			productType = "com.apple.product-type.bundle.ui-testing";
		};
/* End PBXNativeTarget section */

/* Begin PBXProject section */
		7752E6ED293A43CA008C3A40 /* Project object */ = {
			isa = PBXProject;
			attributes = {
				BuildIndependentTargetsInParallel = 1;
				LastSwiftUpdateCheck = 1410;
				LastUpgradeCheck = 1410;
				TargetAttributes = {
					7752E6F4293A43CA008C3A40 = {
						CreatedOnToolsVersion = 14.1;
					};
					7752E704293A43CB008C3A40 = {
						CreatedOnToolsVersion = 14.1;
						TestTargetID = 7752E6F4293A43CA008C3A40;
					};
					7752E70E293A43CB008C3A40 = {
						CreatedOnToolsVersion = 14.1;
						TestTargetID = 7752E6F4293A43CA008C3A40;
					};
				};
			};
			buildConfigurationList = 7752E6F0293A43CA008C3A40 /* Build configuration list for PBXProject "Latin Learner Portfolio App" */;
			compatibilityVersion = "Xcode 14.0";
			developmentRegion = en;
			hasScannedForEncodings = 0;
			knownRegions = (
				en,
				Base,
			);
			mainGroup = 7752E6EC293A43CA008C3A40;
			packageReferences = (
				7752E722293A43F2008C3A40 /* XCRemoteSwiftPackageReference "GoogleSignIn-iOS" */,
				B0B5B9E329426E2D002D0A67 /* XCRemoteSwiftPackageReference "firebase-ios-sdk" */,
			);
			productRefGroup = 7752E6F6293A43CA008C3A40 /* Products */;
			projectDirPath = "";
			projectRoot = "";
			targets = (
				7752E6F4293A43CA008C3A40 /* Latin Learner Portfolio App */,
				7752E704293A43CB008C3A40 /* Latin Learner Portfolio AppTests */,
				7752E70E293A43CB008C3A40 /* Latin Learner Portfolio AppUITests */,
			);
		};
/* End PBXProject section */

/* Begin PBXResourcesBuildPhase section */
		7752E6F3293A43CA008C3A40 /* Resources */ = {
			isa = PBXResourcesBuildPhase;
			buildActionMask = 2147483647;
			files = (
				7752E700293A43CB008C3A40 /* Preview Assets.xcassets in Resources */,
				7752E6FD293A43CB008C3A40 /* Assets.xcassets in Resources */,
				77F1013D2940221D00145F1A /* GoogleService-Info.plist in Resources */,
			);
			runOnlyForDeploymentPostprocessing = 0;
		};
		7752E703293A43CB008C3A40 /* Resources */ = {
			isa = PBXResourcesBuildPhase;
			buildActionMask = 2147483647;
			files = (
			);
			runOnlyForDeploymentPostprocessing = 0;
		};
		7752E70D293A43CB008C3A40 /* Resources */ = {
			isa = PBXResourcesBuildPhase;
			buildActionMask = 2147483647;
			files = (
			);
			runOnlyForDeploymentPostprocessing = 0;
		};
/* End PBXResourcesBuildPhase section */

/* Begin PBXSourcesBuildPhase section */
		7752E6F1293A43CA008C3A40 /* Sources */ = {
			isa = PBXSourcesBuildPhase;
			buildActionMask = 2147483647;
			files = (
				7752E6FB293A43CA008C3A40 /* ContentView.swift in Sources */,
				7752E6F9293A43CA008C3A40 /* Latin_Learner_Portfolio_AppApp.swift in Sources */,
				778563E8293FD4C400C0699D /* Search.swift in Sources */,
				778563EA293FD4F000C0699D /* Post.swift in Sources */,
				7752E72B293A5051008C3A40 /* Styling.swift in Sources */,
				77F101382940208B00145F1A /* ImagePicker.swift in Sources */,
				B0B5B9EB2942C7D8002D0A67 /* Resources.swift in Sources */,
				77F101362940207B00145F1A /* FileStorage.swift in Sources */,
				7752E729293A4CFA008C3A40 /* AuthHandler.swift in Sources */,
			);
			runOnlyForDeploymentPostprocessing = 0;
		};
		7752E701293A43CB008C3A40 /* Sources */ = {
			isa = PBXSourcesBuildPhase;
			buildActionMask = 2147483647;
			files = (
				7752E70A293A43CB008C3A40 /* Latin_Learner_Portfolio_AppTests.swift in Sources */,
			);
			runOnlyForDeploymentPostprocessing = 0;
		};
		7752E70B293A43CB008C3A40 /* Sources */ = {
			isa = PBXSourcesBuildPhase;
			buildActionMask = 2147483647;
			files = (
				7752E716293A43CB008C3A40 /* Latin_Learner_Portfolio_AppUITestsLaunchTests.swift in Sources */,
				7752E714293A43CB008C3A40 /* Latin_Learner_Portfolio_AppUITests.swift in Sources */,
			);
			runOnlyForDeploymentPostprocessing = 0;
		};
/* End PBXSourcesBuildPhase section */

/* Begin PBXTargetDependency section */
		7752E707293A43CB008C3A40 /* PBXTargetDependency */ = {
			isa = PBXTargetDependency;
			target = 7752E6F4293A43CA008C3A40 /* Latin Learner Portfolio App */;
			targetProxy = 7752E706293A43CB008C3A40 /* PBXContainerItemProxy */;
		};
		7752E711293A43CB008C3A40 /* PBXTargetDependency */ = {
			isa = PBXTargetDependency;
			target = 7752E6F4293A43CA008C3A40 /* Latin Learner Portfolio App */;
			targetProxy = 7752E710293A43CB008C3A40 /* PBXContainerItemProxy */;
		};
/* End PBXTargetDependency section */

/* Begin XCBuildConfiguration section */
		7752E717293A43CB008C3A40 /* Debug */ = {
			isa = XCBuildConfiguration;
			buildSettings = {
				ALWAYS_SEARCH_USER_PATHS = NO;
				CLANG_ANALYZER_NONNULL = YES;
				CLANG_ANALYZER_NUMBER_OBJECT_CONVERSION = YES_AGGRESSIVE;
				CLANG_CXX_LANGUAGE_STANDARD = "gnu++20";
				CLANG_ENABLE_MODULES = YES;
				CLANG_ENABLE_OBJC_ARC = YES;
				CLANG_ENABLE_OBJC_WEAK = YES;
				CLANG_WARN_BLOCK_CAPTURE_AUTORELEASING = YES;
				CLANG_WARN_BOOL_CONVERSION = YES;
				CLANG_WARN_COMMA = YES;
				CLANG_WARN_CONSTANT_CONVERSION = YES;
				CLANG_WARN_DEPRECATED_OBJC_IMPLEMENTATIONS = YES;
				CLANG_WARN_DIRECT_OBJC_ISA_USAGE = YES_ERROR;
				CLANG_WARN_DOCUMENTATION_COMMENTS = YES;
				CLANG_WARN_EMPTY_BODY = YES;
				CLANG_WARN_ENUM_CONVERSION = YES;
				CLANG_WARN_INFINITE_RECURSION = YES;
				CLANG_WARN_INT_CONVERSION = YES;
				CLANG_WARN_NON_LITERAL_NULL_CONVERSION = YES;
				CLANG_WARN_OBJC_IMPLICIT_RETAIN_SELF = YES;
				CLANG_WARN_OBJC_LITERAL_CONVERSION = YES;
				CLANG_WARN_OBJC_ROOT_CLASS = YES_ERROR;
				CLANG_WARN_QUOTED_INCLUDE_IN_FRAMEWORK_HEADER = YES;
				CLANG_WARN_RANGE_LOOP_ANALYSIS = YES;
				CLANG_WARN_STRICT_PROTOTYPES = YES;
				CLANG_WARN_SUSPICIOUS_MOVE = YES;
				CLANG_WARN_UNGUARDED_AVAILABILITY = YES_AGGRESSIVE;
				CLANG_WARN_UNREACHABLE_CODE = YES;
				CLANG_WARN__DUPLICATE_METHOD_MATCH = YES;
				COPY_PHASE_STRIP = NO;
				DEBUG_INFORMATION_FORMAT = dwarf;
				ENABLE_STRICT_OBJC_MSGSEND = YES;
				ENABLE_TESTABILITY = YES;
				GCC_C_LANGUAGE_STANDARD = gnu11;
				GCC_DYNAMIC_NO_PIC = NO;
				GCC_NO_COMMON_BLOCKS = YES;
				GCC_OPTIMIZATION_LEVEL = 0;
				GCC_PREPROCESSOR_DEFINITIONS = (
					"DEBUG=1",
					"$(inherited)",
				);
				GCC_WARN_64_TO_32_BIT_CONVERSION = YES;
				GCC_WARN_ABOUT_RETURN_TYPE = YES_ERROR;
				GCC_WARN_UNDECLARED_SELECTOR = YES;
				GCC_WARN_UNINITIALIZED_AUTOS = YES_AGGRESSIVE;
				GCC_WARN_UNUSED_FUNCTION = YES;
				GCC_WARN_UNUSED_VARIABLE = YES;
				IPHONEOS_DEPLOYMENT_TARGET = 16.1;
				MTL_ENABLE_DEBUG_INFO = INCLUDE_SOURCE;
				MTL_FAST_MATH = YES;
				ONLY_ACTIVE_ARCH = YES;
				SDKROOT = iphoneos;
				SWIFT_ACTIVE_COMPILATION_CONDITIONS = DEBUG;
				SWIFT_OPTIMIZATION_LEVEL = "-Onone";
			};
			name = Debug;
		};
		7752E718293A43CB008C3A40 /* Release */ = {
			isa = XCBuildConfiguration;
			buildSettings = {
				ALWAYS_SEARCH_USER_PATHS = NO;
				CLANG_ANALYZER_NONNULL = YES;
				CLANG_ANALYZER_NUMBER_OBJECT_CONVERSION = YES_AGGRESSIVE;
				CLANG_CXX_LANGUAGE_STANDARD = "gnu++20";
				CLANG_ENABLE_MODULES = YES;
				CLANG_ENABLE_OBJC_ARC = YES;
				CLANG_ENABLE_OBJC_WEAK = YES;
				CLANG_WARN_BLOCK_CAPTURE_AUTORELEASING = YES;
				CLANG_WARN_BOOL_CONVERSION = YES;
				CLANG_WARN_COMMA = YES;
				CLANG_WARN_CONSTANT_CONVERSION = YES;
				CLANG_WARN_DEPRECATED_OBJC_IMPLEMENTATIONS = YES;
				CLANG_WARN_DIRECT_OBJC_ISA_USAGE = YES_ERROR;
				CLANG_WARN_DOCUMENTATION_COMMENTS = YES;
				CLANG_WARN_EMPTY_BODY = YES;
				CLANG_WARN_ENUM_CONVERSION = YES;
				CLANG_WARN_INFINITE_RECURSION = YES;
				CLANG_WARN_INT_CONVERSION = YES;
				CLANG_WARN_NON_LITERAL_NULL_CONVERSION = YES;
				CLANG_WARN_OBJC_IMPLICIT_RETAIN_SELF = YES;
				CLANG_WARN_OBJC_LITERAL_CONVERSION = YES;
				CLANG_WARN_OBJC_ROOT_CLASS = YES_ERROR;
				CLANG_WARN_QUOTED_INCLUDE_IN_FRAMEWORK_HEADER = YES;
				CLANG_WARN_RANGE_LOOP_ANALYSIS = YES;
				CLANG_WARN_STRICT_PROTOTYPES = YES;
				CLANG_WARN_SUSPICIOUS_MOVE = YES;
				CLANG_WARN_UNGUARDED_AVAILABILITY = YES_AGGRESSIVE;
				CLANG_WARN_UNREACHABLE_CODE = YES;
				CLANG_WARN__DUPLICATE_METHOD_MATCH = YES;
				COPY_PHASE_STRIP = NO;
				DEBUG_INFORMATION_FORMAT = "dwarf-with-dsym";
				ENABLE_NS_ASSERTIONS = NO;
				ENABLE_STRICT_OBJC_MSGSEND = YES;
				GCC_C_LANGUAGE_STANDARD = gnu11;
				GCC_NO_COMMON_BLOCKS = YES;
				GCC_WARN_64_TO_32_BIT_CONVERSION = YES;
				GCC_WARN_ABOUT_RETURN_TYPE = YES_ERROR;
				GCC_WARN_UNDECLARED_SELECTOR = YES;
				GCC_WARN_UNINITIALIZED_AUTOS = YES_AGGRESSIVE;
				GCC_WARN_UNUSED_FUNCTION = YES;
				GCC_WARN_UNUSED_VARIABLE = YES;
				IPHONEOS_DEPLOYMENT_TARGET = 16.1;
				MTL_ENABLE_DEBUG_INFO = NO;
				MTL_FAST_MATH = YES;
				SDKROOT = iphoneos;
				SWIFT_COMPILATION_MODE = wholemodule;
				SWIFT_OPTIMIZATION_LEVEL = "-O";
				VALIDATE_PRODUCT = YES;
			};
			name = Release;
		};
		7752E71A293A43CB008C3A40 /* Debug */ = {
			isa = XCBuildConfiguration;
			buildSettings = {
				ASSETCATALOG_COMPILER_APPICON_NAME = AppIcon;
				ASSETCATALOG_COMPILER_GLOBAL_ACCENT_COLOR_NAME = AccentColor;
				CODE_SIGN_STYLE = Automatic;
				CURRENT_PROJECT_VERSION = 1;
				DEVELOPMENT_ASSET_PATHS = "\"Latin Learner Portfolio App/Preview Content\"";
				DEVELOPMENT_TEAM = UFHJVNRU2Q;
				ENABLE_PREVIEWS = YES;
				GENERATE_INFOPLIST_FILE = YES;
				INFOPLIST_FILE = "Latin-Learner-Portfolio-App-Info.plist";
				INFOPLIST_KEY_UIApplicationSceneManifest_Generation = YES;
				INFOPLIST_KEY_UIApplicationSupportsIndirectInputEvents = YES;
				INFOPLIST_KEY_UILaunchScreen_Generation = YES;
				INFOPLIST_KEY_UISupportedInterfaceOrientations_iPad = "UIInterfaceOrientationPortrait UIInterfaceOrientationPortraitUpsideDown UIInterfaceOrientationLandscapeLeft UIInterfaceOrientationLandscapeRight";
				INFOPLIST_KEY_UISupportedInterfaceOrientations_iPhone = "UIInterfaceOrientationPortrait UIInterfaceOrientationLandscapeLeft UIInterfaceOrientationLandscapeRight";
				LD_RUNPATH_SEARCH_PATHS = (
					"$(inherited)",
					"@executable_path/Frameworks",
				);
				MARKETING_VERSION = 1.0;
				PRODUCT_BUNDLE_IDENTIFIER = "oliv3rwalsh.Latin-Learner-Portfolio-App";
				PRODUCT_NAME = "$(TARGET_NAME)";
				SWIFT_EMIT_LOC_STRINGS = YES;
				SWIFT_VERSION = 5.0;
				TARGETED_DEVICE_FAMILY = 1;
			};
			name = Debug;
		};
		7752E71B293A43CB008C3A40 /* Release */ = {
			isa = XCBuildConfiguration;
			buildSettings = {
				ASSETCATALOG_COMPILER_APPICON_NAME = AppIcon;
				ASSETCATALOG_COMPILER_GLOBAL_ACCENT_COLOR_NAME = AccentColor;
				CODE_SIGN_STYLE = Automatic;
				CURRENT_PROJECT_VERSION = 1;
				DEVELOPMENT_ASSET_PATHS = "\"Latin Learner Portfolio App/Preview Content\"";
				DEVELOPMENT_TEAM = UFHJVNRU2Q;
				ENABLE_PREVIEWS = YES;
				GENERATE_INFOPLIST_FILE = YES;
				INFOPLIST_FILE = "Latin-Learner-Portfolio-App-Info.plist";
				INFOPLIST_KEY_UIApplicationSceneManifest_Generation = YES;
				INFOPLIST_KEY_UIApplicationSupportsIndirectInputEvents = YES;
				INFOPLIST_KEY_UILaunchScreen_Generation = YES;
				INFOPLIST_KEY_UISupportedInterfaceOrientations_iPad = "UIInterfaceOrientationPortrait UIInterfaceOrientationPortraitUpsideDown UIInterfaceOrientationLandscapeLeft UIInterfaceOrientationLandscapeRight";
				INFOPLIST_KEY_UISupportedInterfaceOrientations_iPhone = "UIInterfaceOrientationPortrait UIInterfaceOrientationLandscapeLeft UIInterfaceOrientationLandscapeRight";
				LD_RUNPATH_SEARCH_PATHS = (
					"$(inherited)",
					"@executable_path/Frameworks",
				);
				MARKETING_VERSION = 1.0;
				PRODUCT_BUNDLE_IDENTIFIER = "oliv3rwalsh.Latin-Learner-Portfolio-App";
				PRODUCT_NAME = "$(TARGET_NAME)";
				SWIFT_EMIT_LOC_STRINGS = YES;
				SWIFT_VERSION = 5.0;
				TARGETED_DEVICE_FAMILY = 1;
			};
			name = Release;
		};
		7752E71D293A43CB008C3A40 /* Debug */ = {
			isa = XCBuildConfiguration;
			buildSettings = {
				ALWAYS_EMBED_SWIFT_STANDARD_LIBRARIES = YES;
				BUNDLE_LOADER = "$(TEST_HOST)";
				CODE_SIGN_STYLE = Automatic;
				CURRENT_PROJECT_VERSION = 1;
				DEVELOPMENT_TEAM = UFHJVNRU2Q;
				GENERATE_INFOPLIST_FILE = YES;
				IPHONEOS_DEPLOYMENT_TARGET = 16.1;
				MARKETING_VERSION = 1.0;
				PRODUCT_BUNDLE_IDENTIFIER = "oliv3rwalsh.Latin-Learner-Portfolio-AppTests";
				PRODUCT_NAME = "$(TARGET_NAME)";
				SWIFT_EMIT_LOC_STRINGS = NO;
				SWIFT_VERSION = 5.0;
				TARGETED_DEVICE_FAMILY = "1,2";
				TEST_HOST = "$(BUILT_PRODUCTS_DIR)/Latin Learner Portfolio App.app/$(BUNDLE_EXECUTABLE_FOLDER_PATH)/Latin Learner Portfolio App";
			};
			name = Debug;
		};
		7752E71E293A43CB008C3A40 /* Release */ = {
			isa = XCBuildConfiguration;
			buildSettings = {
				ALWAYS_EMBED_SWIFT_STANDARD_LIBRARIES = YES;
				BUNDLE_LOADER = "$(TEST_HOST)";
				CODE_SIGN_STYLE = Automatic;
				CURRENT_PROJECT_VERSION = 1;
				DEVELOPMENT_TEAM = UFHJVNRU2Q;
				GENERATE_INFOPLIST_FILE = YES;
				IPHONEOS_DEPLOYMENT_TARGET = 16.1;
				MARKETING_VERSION = 1.0;
				PRODUCT_BUNDLE_IDENTIFIER = "oliv3rwalsh.Latin-Learner-Portfolio-AppTests";
				PRODUCT_NAME = "$(TARGET_NAME)";
				SWIFT_EMIT_LOC_STRINGS = NO;
				SWIFT_VERSION = 5.0;
				TARGETED_DEVICE_FAMILY = "1,2";
				TEST_HOST = "$(BUILT_PRODUCTS_DIR)/Latin Learner Portfolio App.app/$(BUNDLE_EXECUTABLE_FOLDER_PATH)/Latin Learner Portfolio App";
			};
			name = Release;
		};
		7752E720293A43CB008C3A40 /* Debug */ = {
			isa = XCBuildConfiguration;
			buildSettings = {
				ALWAYS_EMBED_SWIFT_STANDARD_LIBRARIES = YES;
				CODE_SIGN_STYLE = Automatic;
				CURRENT_PROJECT_VERSION = 1;
				DEVELOPMENT_TEAM = UFHJVNRU2Q;
				GENERATE_INFOPLIST_FILE = YES;
				MARKETING_VERSION = 1.0;
				PRODUCT_BUNDLE_IDENTIFIER = "oliv3rwalsh.Latin-Learner-Portfolio-AppUITests";
				PRODUCT_NAME = "$(TARGET_NAME)";
				SWIFT_EMIT_LOC_STRINGS = NO;
				SWIFT_VERSION = 5.0;
				TARGETED_DEVICE_FAMILY = "1,2";
				TEST_TARGET_NAME = "Latin Learner Portfolio App";
			};
			name = Debug;
		};
		7752E721293A43CB008C3A40 /* Release */ = {
			isa = XCBuildConfiguration;
			buildSettings = {
				ALWAYS_EMBED_SWIFT_STANDARD_LIBRARIES = YES;
				CODE_SIGN_STYLE = Automatic;
				CURRENT_PROJECT_VERSION = 1;
				DEVELOPMENT_TEAM = UFHJVNRU2Q;
				GENERATE_INFOPLIST_FILE = YES;
				MARKETING_VERSION = 1.0;
				PRODUCT_BUNDLE_IDENTIFIER = "oliv3rwalsh.Latin-Learner-Portfolio-AppUITests";
				PRODUCT_NAME = "$(TARGET_NAME)";
				SWIFT_EMIT_LOC_STRINGS = NO;
				SWIFT_VERSION = 5.0;
				TARGETED_DEVICE_FAMILY = "1,2";
				TEST_TARGET_NAME = "Latin Learner Portfolio App";
			};
			name = Release;
		};
/* End XCBuildConfiguration section */

/* Begin XCConfigurationList section */
		7752E6F0293A43CA008C3A40 /* Build configuration list for PBXProject "Latin Learner Portfolio App" */ = {
			isa = XCConfigurationList;
			buildConfigurations = (
				7752E717293A43CB008C3A40 /* Debug */,
				7752E718293A43CB008C3A40 /* Release */,
			);
			defaultConfigurationIsVisible = 0;
			defaultConfigurationName = Release;
		};
		7752E719293A43CB008C3A40 /* Build configuration list for PBXNativeTarget "Latin Learner Portfolio App" */ = {
			isa = XCConfigurationList;
			buildConfigurations = (
				7752E71A293A43CB008C3A40 /* Debug */,
				7752E71B293A43CB008C3A40 /* Release */,
			);
			defaultConfigurationIsVisible = 0;
			defaultConfigurationName = Release;
		};
		7752E71C293A43CB008C3A40 /* Build configuration list for PBXNativeTarget "Latin Learner Portfolio AppTests" */ = {
			isa = XCConfigurationList;
			buildConfigurations = (
				7752E71D293A43CB008C3A40 /* Debug */,
				7752E71E293A43CB008C3A40 /* Release */,
			);
			defaultConfigurationIsVisible = 0;
			defaultConfigurationName = Release;
		};
		7752E71F293A43CB008C3A40 /* Build configuration list for PBXNativeTarget "Latin Learner Portfolio AppUITests" */ = {
			isa = XCConfigurationList;
			buildConfigurations = (
				7752E720293A43CB008C3A40 /* Debug */,
				7752E721293A43CB008C3A40 /* Release */,
			);
			defaultConfigurationIsVisible = 0;
			defaultConfigurationName = Release;
		};
/* End XCConfigurationList section */

/* Begin XCRemoteSwiftPackageReference section */
		7752E722293A43F2008C3A40 /* XCRemoteSwiftPackageReference "GoogleSignIn-iOS" */ = {
			isa = XCRemoteSwiftPackageReference;
			repositoryURL = "https://github.com/google/GoogleSignIn-iOS";
			requirement = {
				kind = upToNextMajorVersion;
				minimumVersion = 6.0.0;
			};
		};
		B0B5B9E329426E2D002D0A67 /* XCRemoteSwiftPackageReference "firebase-ios-sdk" */ = {
			isa = XCRemoteSwiftPackageReference;
			repositoryURL = "https://github.com/firebase/firebase-ios-sdk";
			requirement = {
				branch = master;
				kind = branch;
			};
		};
/* End XCRemoteSwiftPackageReference section */

/* Begin XCSwiftPackageProductDependency section */
		7752E723293A43F2008C3A40 /* GoogleSignIn */ = {
			isa = XCSwiftPackageProductDependency;
			package = 7752E722293A43F2008C3A40 /* XCRemoteSwiftPackageReference "GoogleSignIn-iOS" */;
			productName = GoogleSignIn;
		};
		7752E725293A43F2008C3A40 /* GoogleSignInSwift */ = {
			isa = XCSwiftPackageProductDependency;
			package = 7752E722293A43F2008C3A40 /* XCRemoteSwiftPackageReference "GoogleSignIn-iOS" */;
			productName = GoogleSignInSwift;
		};
		B0B5B9E429426E2D002D0A67 /* FirebaseAuth */ = {
			isa = XCSwiftPackageProductDependency;
			package = B0B5B9E329426E2D002D0A67 /* XCRemoteSwiftPackageReference "firebase-ios-sdk" */;
			productName = FirebaseAuth;
		};
		B0B5B9E629426E2D002D0A67 /* FirebaseFirestore */ = {
			isa = XCSwiftPackageProductDependency;
			package = B0B5B9E329426E2D002D0A67 /* XCRemoteSwiftPackageReference "firebase-ios-sdk" */;
			productName = FirebaseFirestore;
		};
		B0B5B9E829426E2D002D0A67 /* FirebaseStorage */ = {
			isa = XCSwiftPackageProductDependency;
			package = B0B5B9E329426E2D002D0A67 /* XCRemoteSwiftPackageReference "firebase-ios-sdk" */;
			productName = FirebaseStorage;
		};
/* End XCSwiftPackageProductDependency section */
	};
	rootObject = 7752E6ED293A43CA008C3A40 /* Project object */;
}
